PODS:
  - Ads-CN (3.4.4.3):
    - Ads-CN/BUAdSDK (= 3.4.4.3)
  - Ads-CN/BUAdSDK (3.4.4.3):
    - Ads-CN/BUFoundation
    - Ads-CN/Domestic
  - Ads-CN/BUFoundation (3.4.4.3)
  - Ads-CN/Domestic (3.4.4.3)
  - Differentiator (5.0.0)
  - GeADManager (0.0.1)
  - GeSwift (0.1.1):
    - GeSwift/Core (= 0.1.1)
    - GeSwift/Foundation (= 0.1.1)
    - GeSwift/UI (= 0.1.1)
  - GeSwift/Core (0.1.1)
  - GeSwift/Foundation (0.1.1):
    - GeSwift/Core
  - GeSwift/UI (0.1.1):
    - GeSwift/Core
    - GeSwift/Foundation
  - PangleAd (0.0.1):
    - GeADManager
    - PangleAd/cn (= 0.0.1)
  - PangleAd/cn (0.0.1):
    - Ads-CN (~> 3.4)
    - GeADManager
  - RxCocoa (6.1.0):
    - RxRelay (= 6.1.0)
    - RxSwift (= 6.1.0)
  - RxDataSources (5.0.0):
    - Differentiator (~> 5.0)
    - RxCocoa (~> 6.0)
    - RxSwift (~> 6.0)
  - RxRelay (6.1.0):
    - RxSwift (= 6.1.0)
  - RxSwift (6.1.0)
  - SnapKit (5.0.1)

DEPENDENCIES:
  - GeSwift
  - PangleAd (from `../`)
  - RxCocoa
  - RxDataSources
  - SnapKit

SPEC REPOS:
  trunk:
    - Ads-CN
    - Differentiator
    - GeADManager
    - GeSwift
    - RxCocoa
    - RxDataSources
    - RxRelay
    - RxSwift
    - SnapKit

EXTERNAL SOURCES:
  PangleAd:
    :path: "../"

SPEC CHECKSUMS:
  Ads-CN: 57285da091f6a9035b78114c817f7e7fde8bff94
  Differentiator: e8497ceab83c1b10ca233716d547b9af21b9344d
  GeADManager: 5782325ca7f6374d8cd3dbc82dc0f9f0b36c7627
  GeSwift: 7164345a0506a27d94c4969658592308feb66002
  PangleAd: c16b07b26be1e5475db319bb1fa9b727d06d41c4
  RxCocoa: 5c51f02d562cbd94629f6c26cf0c80fe4ab8d343
  RxDataSources: aa47cc1ed6c500fa0dfecac5c979b723542d79cf
  RxRelay: 483e1a19fad961b41f0b0c0bee506f46c1ae14fe
  RxSwift: a834e5c538e89eca0cae86f403f4fbf0336786ce
  SnapKit: 97b92857e3df3a0c71833cce143274bf6ef8e5eb

PODFILE CHECKSUM: 9876e51ba28622b55667f6a65f32f9203e6f8145

COCOAPODS: 1.9.1
