// !$*UTF8*$!
{
	archiveVersion = 1;
	classes = {
	};
	objectVersion = 50;
	objects = {

/* Begin PBXBuildFile section */
		0FFAAC0125FF003400CEFB2D /* AppDelegate.swift in Sources */ = {isa = PBXBuildFile; fileRef = 0FFAAC0025FF003400CEFB2D /* AppDelegate.swift */; };
		0FFAAC0325FF003400CEFB2D /* ViewController.swift in Sources */ = {isa = PBXBuildFile; fileRef = 0FFAAC0225FF003400CEFB2D /* ViewController.swift */; };
		0FFAAC0625FF003400CEFB2D /* Main.storyboard in Resources */ = {isa = PBXBuildFile; fileRef = 0FFAAC0425FF003400CEFB2D /* Main.storyboard */; };
		0FFAAC0825FF003500CEFB2D /* Assets.xcassets in Resources */ = {isa = PBXBuildFile; fileRef = 0FFAAC0725FF003500CEFB2D /* Assets.xcassets */; };
		0FFAAC0B25FF003500CEFB2D /* LaunchScreen.storyboard in Resources */ = {isa = PBXBuildFile; fileRef = 0FFAAC0925FF003500CEFB2D /* LaunchScreen.storyboard */; };
		3AF1CF0369F7C52A26E97D74 /* Pods_PangleAd.framework in Frameworks */ = {isa = PBXBuildFile; fileRef = B6B4806DAF44816CD3E6F589 /* Pods_PangleAd.framework */; };
/* End PBXBuildFile section */

/* Begin PBXFileReference section */
		0FFAABFD25FF003400CEFB2D /* PangleAd.app */ = {isa = PBXFileReference; explicitFileType = wrapper.application; includeInIndex = 0; path = PangleAd.app; sourceTree = BUILT_PRODUCTS_DIR; };
		0FFAAC0025FF003400CEFB2D /* AppDelegate.swift */ = {isa = PBXFileReference; lastKnownFileType = sourcecode.swift; path = AppDelegate.swift; sourceTree = "<group>"; };
		0FFAAC0225FF003400CEFB2D /* ViewController.swift */ = {isa = PBXFileReference; lastKnownFileType = sourcecode.swift; path = ViewController.swift; sourceTree = "<group>"; };
		0FFAAC0525FF003400CEFB2D /* Base */ = {isa = PBXFileReference; lastKnownFileType = file.storyboard; name = Base; path = Base.lproj/Main.storyboard; sourceTree = "<group>"; };
		0FFAAC0725FF003500CEFB2D /* Assets.xcassets */ = {isa = PBXFileReference; lastKnownFileType = folder.assetcatalog; path = Assets.xcassets; sourceTree = "<group>"; };
		0FFAAC0A25FF003500CEFB2D /* Base */ = {isa = PBXFileReference; lastKnownFileType = file.storyboard; name = Base; path = Base.lproj/LaunchScreen.storyboard; sourceTree = "<group>"; };
		0FFAAC0C25FF003500CEFB2D /* Info.plist */ = {isa = PBXFileReference; lastKnownFileType = text.plist.xml; path = Info.plist; sourceTree = "<group>"; };
		332DFF05243C111F88C906CD /* Pods-PangleAd.release.xcconfig */ = {isa = PBXFileReference; includeInIndex = 1; lastKnownFileType = text.xcconfig; name = "Pods-PangleAd.release.xcconfig"; path = "Target Support Files/Pods-PangleAd/Pods-PangleAd.release.xcconfig"; sourceTree = "<group>"; };
		B6B4806DAF44816CD3E6F589 /* Pods_PangleAd.framework */ = {isa = PBXFileReference; explicitFileType = wrapper.framework; includeInIndex = 0; path = Pods_PangleAd.framework; sourceTree = BUILT_PRODUCTS_DIR; };
		BF90916B48BB9D0E94F8D6D0 /* Pods-PangleAd.debug.xcconfig */ = {isa = PBXFileReference; includeInIndex = 1; lastKnownFileType = text.xcconfig; name = "Pods-PangleAd.debug.xcconfig"; path = "Target Support Files/Pods-PangleAd/Pods-PangleAd.debug.xcconfig"; sourceTree = "<group>"; };
/* End PBXFileReference section */

/* Begin PBXFrameworksBuildPhase section */
		0FFAABFA25FF003400CEFB2D /* Frameworks */ = {
			isa = PBXFrameworksBuildPhase;
			buildActionMask = 2147483647;
			files = (
				3AF1CF0369F7C52A26E97D74 /* Pods_PangleAd.framework in Frameworks */,
			);
			runOnlyForDeploymentPostprocessing = 0;
		};
/* End PBXFrameworksBuildPhase section */

/* Begin PBXGroup section */
		0FFAABF425FF003400CEFB2D = {
			isa = PBXGroup;
			children = (
				0FFAABFF25FF003400CEFB2D /* PangleAd */,
				0FFAABFE25FF003400CEFB2D /* Products */,
				2BDA3539B112291AAFE3A7C8 /* Pods */,
				E4F7C41E5A25B473D5CE46AF /* Frameworks */,
			);
			sourceTree = "<group>";
		};
		0FFAABFE25FF003400CEFB2D /* Products */ = {
			isa = PBXGroup;
			children = (
				0FFAABFD25FF003400CEFB2D /* PangleAd.app */,
			);
			name = Products;
			sourceTree = "<group>";
		};
		0FFAABFF25FF003400CEFB2D /* PangleAd */ = {
			isa = PBXGroup;
			children = (
				0FFAAC0025FF003400CEFB2D /* AppDelegate.swift */,
				0FFAAC0225FF003400CEFB2D /* ViewController.swift */,
				0FFAAC0425FF003400CEFB2D /* Main.storyboard */,
				0FFAAC0725FF003500CEFB2D /* Assets.xcassets */,
				0FFAAC0925FF003500CEFB2D /* LaunchScreen.storyboard */,
				0FFAAC0C25FF003500CEFB2D /* Info.plist */,
			);
			path = PangleAd;
			sourceTree = "<group>";
		};
		2BDA3539B112291AAFE3A7C8 /* Pods */ = {
			isa = PBXGroup;
			children = (
				BF90916B48BB9D0E94F8D6D0 /* Pods-PangleAd.debug.xcconfig */,
				332DFF05243C111F88C906CD /* Pods-PangleAd.release.xcconfig */,
			);
			name = Pods;
			path = Pods;
			sourceTree = "<group>";
		};
		E4F7C41E5A25B473D5CE46AF /* Frameworks */ = {
			isa = PBXGroup;
			children = (
				B6B4806DAF44816CD3E6F589 /* Pods_PangleAd.framework */,
			);
			name = Frameworks;
			sourceTree = "<group>";
		};
/* End PBXGroup section */

/* Begin PBXNativeTarget section */
		0FFAABFC25FF003400CEFB2D /* PangleAd */ = {
			isa = PBXNativeTarget;
			buildConfigurationList = 0FFAAC0F25FF003500CEFB2D /* Build configuration list for PBXNativeTarget "PangleAd" */;
			buildPhases = (
				8D6451DC46327CD242451F2B /* [CP] Check Pods Manifest.lock */,
				0FFAABF925FF003400CEFB2D /* Sources */,
				0FFAABFA25FF003400CEFB2D /* Frameworks */,
				0FFAABFB25FF003400CEFB2D /* Resources */,
				4E1F12B43FDD74A81DD2DC56 /* [CP] Embed Pods Frameworks */,
				6C7F238E40E13CBD564C6401 /* [CP] Copy Pods Resources */,
			);
			buildRules = (
			);
			dependencies = (
			);
			name = PangleAd;
			productName = PangleAd;
			productReference = 0FFAABFD25FF003400CEFB2D /* PangleAd.app */;
			productType = "com.apple.product-type.application";
		};
/* End PBXNativeTarget section */

/* Begin PBXProject section */
		0FFAABF525FF003400CEFB2D /* Project object */ = {
			isa = PBXProject;
			attributes = {
				LastSwiftUpdateCheck = 1240;
				LastUpgradeCheck = 1240;
				TargetAttributes = {
					0FFAABFC25FF003400CEFB2D = {
						CreatedOnToolsVersion = 12.4;
					};
				};
			};
			buildConfigurationList = 0FFAABF825FF003400CEFB2D /* Build configuration list for PBXProject "PangleAd" */;
			compatibilityVersion = "Xcode 9.3";
			developmentRegion = en;
			hasScannedForEncodings = 0;
			knownRegions = (
				en,
				Base,
			);
			mainGroup = 0FFAABF425FF003400CEFB2D;
			productRefGroup = 0FFAABFE25FF003400CEFB2D /* Products */;
			projectDirPath = "";
			projectRoot = "";
			targets = (
				0FFAABFC25FF003400CEFB2D /* PangleAd */,
			);
		};
/* End PBXProject section */

/* Begin PBXResourcesBuildPhase section */
		0FFAABFB25FF003400CEFB2D /* Resources */ = {
			isa = PBXResourcesBuildPhase;
			buildActionMask = 2147483647;
			files = (
				0FFAAC0B25FF003500CEFB2D /* LaunchScreen.storyboard in Resources */,
				0FFAAC0825FF003500CEFB2D /* Assets.xcassets in Resources */,
				0FFAAC0625FF003400CEFB2D /* Main.storyboard in Resources */,
			);
			runOnlyForDeploymentPostprocessing = 0;
		};
/* End PBXResourcesBuildPhase section */

/* Begin PBXShellScriptBuildPhase section */
		4E1F12B43FDD74A81DD2DC56 /* [CP] Embed Pods Frameworks */ = {
			isa = PBXShellScriptBuildPhase;
			buildActionMask = 2147483647;
			files = (
			);
			inputFileListPaths = (
				"${PODS_ROOT}/Target Support Files/Pods-PangleAd/Pods-PangleAd-frameworks-${CONFIGURATION}-input-files.xcfilelist",
			);
			name = "[CP] Embed Pods Frameworks";
			outputFileListPaths = (
				"${PODS_ROOT}/Target Support Files/Pods-PangleAd/Pods-PangleAd-frameworks-${CONFIGURATION}-output-files.xcfilelist",
			);
			runOnlyForDeploymentPostprocessing = 0;
			shellPath = /bin/sh;
			shellScript = "\"${PODS_ROOT}/Target Support Files/Pods-PangleAd/Pods-PangleAd-frameworks.sh\"\n";
			showEnvVarsInLog = 0;
		};
		6C7F238E40E13CBD564C6401 /* [CP] Copy Pods Resources */ = {
			isa = PBXShellScriptBuildPhase;
			buildActionMask = 2147483647;
			files = (
			);
			inputFileListPaths = (
				"${PODS_ROOT}/Target Support Files/Pods-PangleAd/Pods-PangleAd-resources-${CONFIGURATION}-input-files.xcfilelist",
			);
			name = "[CP] Copy Pods Resources";
			outputFileListPaths = (
				"${PODS_ROOT}/Target Support Files/Pods-PangleAd/Pods-PangleAd-resources-${CONFIGURATION}-output-files.xcfilelist",
			);
			runOnlyForDeploymentPostprocessing = 0;
			shellPath = /bin/sh;
			shellScript = "\"${PODS_ROOT}/Target Support Files/Pods-PangleAd/Pods-PangleAd-resources.sh\"\n";
			showEnvVarsInLog = 0;
		};
		8D6451DC46327CD242451F2B /* [CP] Check Pods Manifest.lock */ = {
			isa = PBXShellScriptBuildPhase;
			buildActionMask = 2147483647;
			files = (
			);
			inputFileListPaths = (
			);
			inputPaths = (
				"${PODS_PODFILE_DIR_PATH}/Podfile.lock",
				"${PODS_ROOT}/Manifest.lock",
			);
			name = "[CP] Check Pods Manifest.lock";
			outputFileListPaths = (
			);
			outputPaths = (
				"$(DERIVED_FILE_DIR)/Pods-PangleAd-checkManifestLockResult.txt",
			);
			runOnlyForDeploymentPostprocessing = 0;
			shellPath = /bin/sh;
			shellScript = "diff \"${PODS_PODFILE_DIR_PATH}/Podfile.lock\" \"${PODS_ROOT}/Manifest.lock\" > /dev/null\nif [ $? != 0 ] ; then\n    # print error to STDERR\n    echo \"error: The sandbox is not in sync with the Podfile.lock. Run 'pod install' or update your CocoaPods installation.\" >&2\n    exit 1\nfi\n# This output is used by Xcode 'outputs' to avoid re-running this script phase.\necho \"SUCCESS\" > \"${SCRIPT_OUTPUT_FILE_0}\"\n";
			showEnvVarsInLog = 0;
		};
/* End PBXShellScriptBuildPhase section */

/* Begin PBXSourcesBuildPhase section */
		0FFAABF925FF003400CEFB2D /* Sources */ = {
			isa = PBXSourcesBuildPhase;
			buildActionMask = 2147483647;
			files = (
				0FFAAC0325FF003400CEFB2D /* ViewController.swift in Sources */,
				0FFAAC0125FF003400CEFB2D /* AppDelegate.swift in Sources */,
			);
			runOnlyForDeploymentPostprocessing = 0;
		};
/* End PBXSourcesBuildPhase section */

/* Begin PBXVariantGroup section */
		0FFAAC0425FF003400CEFB2D /* Main.storyboard */ = {
			isa = PBXVariantGroup;
			children = (
				0FFAAC0525FF003400CEFB2D /* Base */,
			);
			name = Main.storyboard;
			sourceTree = "<group>";
		};
		0FFAAC0925FF003500CEFB2D /* LaunchScreen.storyboard */ = {
			isa = PBXVariantGroup;
			children = (
				0FFAAC0A25FF003500CEFB2D /* Base */,
			);
			name = LaunchScreen.storyboard;
			sourceTree = "<group>";
		};
/* End PBXVariantGroup section */

/* Begin XCBuildConfiguration section */
		0FFAAC0D25FF003500CEFB2D /* Debug */ = {
			isa = XCBuildConfiguration;
			buildSettings = {
				ALWAYS_SEARCH_USER_PATHS = NO;
				CLANG_ANALYZER_NONNULL = YES;
				CLANG_ANALYZER_NUMBER_OBJECT_CONVERSION = YES_AGGRESSIVE;
				CLANG_CXX_LANGUAGE_STANDARD = "gnu++14";
				CLANG_CXX_LIBRARY = "libc++";
				CLANG_ENABLE_MODULES = YES;
				CLANG_ENABLE_OBJC_ARC = YES;
				CLANG_ENABLE_OBJC_WEAK = YES;
				CLANG_WARN_BLOCK_CAPTURE_AUTORELEASING = YES;
				CLANG_WARN_BOOL_CONVERSION = YES;
				CLANG_WARN_COMMA = YES;
				CLANG_WARN_CONSTANT_CONVERSION = YES;
				CLANG_WARN_DEPRECATED_OBJC_IMPLEMENTATIONS = YES;
				CLANG_WARN_DIRECT_OBJC_ISA_USAGE = YES_ERROR;
				CLANG_WARN_DOCUMENTATION_COMMENTS = YES;
				CLANG_WARN_EMPTY_BODY = YES;
				CLANG_WARN_ENUM_CONVERSION = YES;
				CLANG_WARN_INFINITE_RECURSION = YES;
				CLANG_WARN_INT_CONVERSION = YES;
				CLANG_WARN_NON_LITERAL_NULL_CONVERSION = YES;
				CLANG_WARN_OBJC_IMPLICIT_RETAIN_SELF = YES;
				CLANG_WARN_OBJC_LITERAL_CONVERSION = YES;
				CLANG_WARN_OBJC_ROOT_CLASS = YES_ERROR;
				CLANG_WARN_QUOTED_INCLUDE_IN_FRAMEWORK_HEADER = YES;
				CLANG_WARN_RANGE_LOOP_ANALYSIS = YES;
				CLANG_WARN_STRICT_PROTOTYPES = YES;
				CLANG_WARN_SUSPICIOUS_MOVE = YES;
				CLANG_WARN_UNGUARDED_AVAILABILITY = YES_AGGRESSIVE;
				CLANG_WARN_UNREACHABLE_CODE = YES;
				CLANG_WARN__DUPLICATE_METHOD_MATCH = YES;
				COPY_PHASE_STRIP = NO;
				DEBUG_INFORMATION_FORMAT = dwarf;
				ENABLE_STRICT_OBJC_MSGSEND = YES;
				ENABLE_TESTABILITY = YES;
				GCC_C_LANGUAGE_STANDARD = gnu11;
				GCC_DYNAMIC_NO_PIC = NO;
				GCC_NO_COMMON_BLOCKS = YES;
				GCC_OPTIMIZATION_LEVEL = 0;
				GCC_PREPROCESSOR_DEFINITIONS = (
					"DEBUG=1",
					"$(inherited)",
				);
				GCC_WARN_64_TO_32_BIT_CONVERSION = YES;
				GCC_WARN_ABOUT_RETURN_TYPE = YES_ERROR;
				GCC_WARN_UNDECLARED_SELECTOR = YES;
				GCC_WARN_UNINITIALIZED_AUTOS = YES_AGGRESSIVE;
				GCC_WARN_UNUSED_FUNCTION = YES;
				GCC_WARN_UNUSED_VARIABLE = YES;
				IPHONEOS_DEPLOYMENT_TARGET = 14.4;
				MTL_ENABLE_DEBUG_INFO = INCLUDE_SOURCE;
				MTL_FAST_MATH = YES;
				ONLY_ACTIVE_ARCH = YES;
				SDKROOT = iphoneos;
				SWIFT_ACTIVE_COMPILATION_CONDITIONS = DEBUG;
				SWIFT_OPTIMIZATION_LEVEL = "-Onone";
			};
			name = Debug;
		};
		0FFAAC0E25FF003500CEFB2D /* Release */ = {
			isa = XCBuildConfiguration;
			buildSettings = {
				ALWAYS_SEARCH_USER_PATHS = NO;
				CLANG_ANALYZER_NONNULL = YES;
				CLANG_ANALYZER_NUMBER_OBJECT_CONVERSION = YES_AGGRESSIVE;
				CLANG_CXX_LANGUAGE_STANDARD = "gnu++14";
				CLANG_CXX_LIBRARY = "libc++";
				CLANG_ENABLE_MODULES = YES;
				CLANG_ENABLE_OBJC_ARC = YES;
				CLANG_ENABLE_OBJC_WEAK = YES;
				CLANG_WARN_BLOCK_CAPTURE_AUTORELEASING = YES;
				CLANG_WARN_BOOL_CONVERSION = YES;
				CLANG_WARN_COMMA = YES;
				CLANG_WARN_CONSTANT_CONVERSION = YES;
				CLANG_WARN_DEPRECATED_OBJC_IMPLEMENTATIONS = YES;
				CLANG_WARN_DIRECT_OBJC_ISA_USAGE = YES_ERROR;
				CLANG_WARN_DOCUMENTATION_COMMENTS = YES;
				CLANG_WARN_EMPTY_BODY = YES;
				CLANG_WARN_ENUM_CONVERSION = YES;
				CLANG_WARN_INFINITE_RECURSION = YES;
				CLANG_WARN_INT_CONVERSION = YES;
				CLANG_WARN_NON_LITERAL_NULL_CONVERSION = YES;
				CLANG_WARN_OBJC_IMPLICIT_RETAIN_SELF = YES;
				CLANG_WARN_OBJC_LITERAL_CONVERSION = YES;
				CLANG_WARN_OBJC_ROOT_CLASS = YES_ERROR;
				CLANG_WARN_QUOTED_INCLUDE_IN_FRAMEWORK_HEADER = YES;
				CLANG_WARN_RANGE_LOOP_ANALYSIS = YES;
				CLANG_WARN_STRICT_PROTOTYPES = YES;
				CLANG_WARN_SUSPICIOUS_MOVE = YES;
				CLANG_WARN_UNGUARDED_AVAILABILITY = YES_AGGRESSIVE;
				CLANG_WARN_UNREACHABLE_CODE = YES;
				CLANG_WARN__DUPLICATE_METHOD_MATCH = YES;
				COPY_PHASE_STRIP = NO;
				DEBUG_INFORMATION_FORMAT = "dwarf-with-dsym";
				ENABLE_NS_ASSERTIONS = NO;
				ENABLE_STRICT_OBJC_MSGSEND = YES;
				GCC_C_LANGUAGE_STANDARD = gnu11;
				GCC_NO_COMMON_BLOCKS = YES;
				GCC_WARN_64_TO_32_BIT_CONVERSION = YES;
				GCC_WARN_ABOUT_RETURN_TYPE = YES_ERROR;
				GCC_WARN_UNDECLARED_SELECTOR = YES;
				GCC_WARN_UNINITIALIZED_AUTOS = YES_AGGRESSIVE;
				GCC_WARN_UNUSED_FUNCTION = YES;
				GCC_WARN_UNUSED_VARIABLE = YES;
				IPHONEOS_DEPLOYMENT_TARGET = 14.4;
				MTL_ENABLE_DEBUG_INFO = NO;
				MTL_FAST_MATH = YES;
				SDKROOT = iphoneos;
				SWIFT_COMPILATION_MODE = wholemodule;
				SWIFT_OPTIMIZATION_LEVEL = "-O";
				VALIDATE_PRODUCT = YES;
			};
			name = Release;
		};
		0FFAAC1025FF003500CEFB2D /* Debug */ = {
			isa = XCBuildConfiguration;
			baseConfigurationReference = BF90916B48BB9D0E94F8D6D0 /* Pods-PangleAd.debug.xcconfig */;
			buildSettings = {
				ASSETCATALOG_COMPILER_APPICON_NAME = AppIcon;
				ASSETCATALOG_COMPILER_GLOBAL_ACCENT_COLOR_NAME = AccentColor;
				CODE_SIGN_STYLE = Automatic;
				INFOPLIST_FILE = PangleAd/Info.plist;
				LD_RUNPATH_SEARCH_PATHS = (
					"$(inherited)",
					"@executable_path/Frameworks",
				);
				PRODUCT_BUNDLE_IDENTIFIER = com.my.project.PangleAd;
				PRODUCT_NAME = "$(TARGET_NAME)";
				SWIFT_VERSION = 5.0;
				TARGETED_DEVICE_FAMILY = "1,2";
			};
			name = Debug;
		};
		0FFAAC1125FF003500CEFB2D /* Release */ = {
			isa = XCBuildConfiguration;
			baseConfigurationReference = 332DFF05243C111F88C906CD /* Pods-PangleAd.release.xcconfig */;
			buildSettings = {
				ASSETCATALOG_COMPILER_APPICON_NAME = AppIcon;
				ASSETCATALOG_COMPILER_GLOBAL_ACCENT_COLOR_NAME = AccentColor;
				CODE_SIGN_STYLE = Automatic;
				INFOPLIST_FILE = PangleAd/Info.plist;
				LD_RUNPATH_SEARCH_PATHS = (
					"$(inherited)",
					"@executable_path/Frameworks",
				);
				PRODUCT_BUNDLE_IDENTIFIER = com.my.project.PangleAd;
				PRODUCT_NAME = "$(TARGET_NAME)";
				SWIFT_VERSION = 5.0;
				TARGETED_DEVICE_FAMILY = "1,2";
			};
			name = Release;
		};
/* End XCBuildConfiguration section */

/* Begin XCConfigurationList section */
		0FFAABF825FF003400CEFB2D /* Build configuration list for PBXProject "PangleAd" */ = {
			isa = XCConfigurationList;
			buildConfigurations = (
				0FFAAC0D25FF003500CEFB2D /* Debug */,
				0FFAAC0E25FF003500CEFB2D /* Release */,
			);
			defaultConfigurationIsVisible = 0;
			defaultConfigurationName = Release;
		};
		0FFAAC0F25FF003500CEFB2D /* Build configuration list for PBXNativeTarget "PangleAd" */ = {
			isa = XCConfigurationList;
			buildConfigurations = (
				0FFAAC1025FF003500CEFB2D /* Debug */,
				0FFAAC1125FF003500CEFB2D /* Release */,
			);
			defaultConfigurationIsVisible = 0;
			defaultConfigurationName = Release;
		};
/* End XCConfigurationList section */
	};
	rootObject = 0FFAABF525FF003400CEFB2D /* Project object */;
}
